
Microsoft Visual Studio Solution File, Format Version 12.00
# Visual Studio Version 17
VisualStudioVersion = 17.11.35222.181
MinimumVisualStudioVersion = 10.0.40219.1
Project("{9A19103F-16F7-4668-BE54-9A1E7A4F7556}") = "Gcd", "src\Gcd\Gcd.csproj", "{37CDAE61-E6D8-40D0-8C93-34432D06F8BE}"
EndProject
Project("{9A19103F-16F7-4668-BE54-9A1E7A4F7556}") = "Gcd.Tests", "tests\Gcd.Tests\Gcd.Tests.csproj", "{8748FBC2-D416-402A-9328-804D850AEFEE}"
EndProject
Project("{9A19103F-16F7-4668-BE54-9A1E7A4F7556}") = "Gcd.LabViewProject", "src\Gcd.LabViewProject\Gcd.LabViewProject.csproj", "{0160FF01-AE39-48E5-AE28-B044E3B660F4}"
EndProject
Project("{9A19103F-16F7-4668-BE54-9A1E7A4F7556}") = "Gcd.Common", "src\Gcd.Common\Gcd.Common.csproj", "{3738EFD6-0298-4EC7-B57F-9323925DCA07}"
EndProject
Project("{9A19103F-16F7-4668-BE54-9A1E7A4F7556}") = "Gcd.Tests.EndToEnd", "tests\Gcd.Tests.EndToEnd\Gcd.Tests.EndToEnd.csproj", "{69AA8B40-22B4-48F4-BCA7-2DD136FA750C}"
EndProject
Project("{9A19103F-16F7-4668-BE54-9A1E7A4F7556}") = "Gcd.Nipkg.Instructions", "src\Gcd.Nipkg.Instructions\Gcd.Nipkg.Instructions.csproj", "{0242FEAB-64EB-41CE-A163-6FF8EFB0010B}"
EndProject
Project("{2150E333-8FDC-42A3-9474-1A3956D46DE8}") = "Modules", "Modules", "{04EEF038-7CB1-4F92-BB19-20BB6974D73B}"
EndProject
Project("{2150E333-8FDC-42A3-9474-1A3956D46DE8}") = "Tests", "Tests", "{15AC161A-E093-4A37-9AC7-382DBFF5CD05}"
EndProject
Project("{9A19103F-16F7-4668-BE54-9A1E7A4F7556}") = "Gcd.Nipkg.Instructions.Tests", "tests\Gcd.Nipkg.Instructions.Tests\Gcd.Nipkg.Instructions.Tests.csproj", "{0ED1403F-2183-43FA-9429-FE4B589C3F10}"
EndProject
Project("{9A19103F-16F7-4668-BE54-9A1E7A4F7556}") = "Gcd.RemoteFileSystem.Abstractions", "src\Gcd.RemoteFileSystem.Abstractions\Gcd.RemoteFileSystem.Abstractions.csproj", "{138AD959-8C74-4318-8625-A607B21F690F}"
EndProject
Project("{9A19103F-16F7-4668-BE54-9A1E7A4F7556}") = "Gcd.RemoteFileSystem", "src\Gcd.RemoteFileSystem\Gcd.RemoteFileSystem.csproj", "{2AAB1CF9-D92B-48EC-90D3-981CD9B6139C}"
EndProject
Project("{9A19103F-16F7-4668-BE54-9A1E7A4F7556}") = "Gcd.LocalFileSystem.Abstractions", "src\Gcd.LocalFileSystem.Abstractions\Gcd.LocalFileSystem.Abstractions.csproj", "{933EBD8A-9C80-41A6-8A35-E3EF408DC8DA}"
EndProject
Project("{9A19103F-16F7-4668-BE54-9A1E7A4F7556}") = "Gcd.LocalFileSystem", "src\Gcd.LocalFileSystem\Gcd.LocalFileSystem.csproj", "{90251374-F247-4E39-A5B4-C43BE5CBCDE1}"
EndProject
Project("{9A19103F-16F7-4668-BE54-9A1E7A4F7556}") = "Gcd.RemoteFileSystem.Git.Abstractions", "src\Gcd.RemoteFileSystem.Git.Abstractions\Gcd.RemoteFileSystem.Git.Abstractions.csproj", "{6D15E634-8229-4ED8-898D-02D1F85A76C5}"
EndProject
Project("{9A19103F-16F7-4668-BE54-9A1E7A4F7556}") = "Gcd.RemoteFileSystem.Smb.Abstractions", "src\Gcd.RemoteFileSystem.Smb.Abstractions\Gcd.RemoteFileSystem.Smb.Abstractions.csproj", "{B831B6B4-A262-40B8-9098-CC93523596CC}"
EndProject
Project("{9A19103F-16F7-4668-BE54-9A1E7A4F7556}") = "Gcd.RemoteFileSystem.Smb", "src\Gcd.RemoteFileSystem.Smb\Gcd.RemoteFileSystem.Smb.csproj", "{201E5537-E9BD-456C-9A72-7A19E305FCE8}"
EndProject
Project("{2150E333-8FDC-42A3-9474-1A3956D46DE8}") = "RemoteFileSystem", "RemoteFileSystem", "{4EFD906F-B094-472F-BEE5-1E112F4C9C5E}"
EndProject
Project("{9A19103F-16F7-4668-BE54-9A1E7A4F7556}") = "Gcd.RemoteFileSystem.Git", "src\Gcd.RemoteFileSystem.Git\Gcd.RemoteFileSystem.Git.csproj", "{E7105224-140E-41F5-9ECC-77DFD3CA3735}"
EndProject
Project("{9A19103F-16F7-4668-BE54-9A1E7A4F7556}") = "Gcd.RemoteFileSystem.AzBlob.Abstractions", "src\Gcd.RemoteFileSystem.AzBlob.Abstractions\Gcd.RemoteFileSystem.AzBlob.Abstractions.csproj", "{88DBD202-170C-4043-BB86-18AC61DA238C}"
EndProject
Project("{9A19103F-16F7-4668-BE54-9A1E7A4F7556}") = "Gcd.RemoteFileSystem.AzBlob", "src\Gcd.RemoteFileSystem.AzBlob\Gcd.RemoteFileSystem.AzBlob.csproj", "{362675F0-A8B1-4BB4-99C3-2629F9464B8D}"
EndProject
Project("{2150E333-8FDC-42A3-9474-1A3956D46DE8}") = "LocalFileSystem", "LocalFileSystem", "{AD8A9D64-D0C7-48FD-AD53-BE687C81471A}"
EndProject
Project("{2150E333-8FDC-42A3-9474-1A3956D46DE8}") = "Nipkg", "Nipkg", "{C887354E-2B1B-400E-83D8-1FBDE4E687EE}"
EndProject
Project("{FAE04EC0-301F-11D3-BF4B-00C04F79EFBC}") = "Gcd.Tests.EndToEnd.LabView", "tests\Gcd.Tests.EndToEnd.LabView\Gcd.Tests.EndToEnd.LabView.csproj", "{8658F0D2-D2C5-4BBB-9DC5-88CC4E99B7F3}"
EndProject
Project("{FAE04EC0-301F-11D3-BF4B-00C04F79EFBC}") = "Gcd.Nipkg.Replication", "src\Gcd.Nipkg.Replication\Gcd.Nipkg.Replication.csproj", "{B6A116CC-7588-48AF-A31A-AB74972572A1}"
EndProject
Project("{FAE04EC0-301F-11D3-BF4B-00C04F79EFBC}") = "Gcd.RemoteFileSystem.Rclone.Abstractions", "src\Gcd.RemoteFileSystem.Rclone.Abstractions\Gcd.RemoteFileSystem.Rclone.Abstractions.csproj", "{C972A920-3495-49A1-96E8-EDCF81B3DEBC}"
EndProject
Project("{FAE04EC0-301F-11D3-BF4B-00C04F79EFBC}") = "Gcd.RemoteFileSystem.Rclone", "src\Gcd.RemoteFileSystem.Rclone\Gcd.RemoteFileSystem.Rclone.csproj", "{451952F9-0BD2-4271-9B3C-0E32EA9EB6A7}"
EndProject
Project("{FAE04EC0-301F-11D3-BF4B-00C04F79EFBC}") = "Gcd.CommandBuilder", "src\Gcd.CommandBuilder\Gcd.CommandBuilder.csproj", "{C08B3F40-802B-4989-97B7-0A7FB6AD8BE3}"
EndProject
Project("{FAE04EC0-301F-11D3-BF4B-00C04F79EFBC}") = "Gcd.Tests.Fixture", "tests\Gcd.Tests.Fixture\Gcd.Tests.Fixture.csproj", "{65E55F29-9340-4730-AAA8-C3D8F3066A89}"
EndProject
Project("{FAE04EC0-301F-11D3-BF4B-00C04F79EFBC}") = "Gcd.Tests.Handlers", "tests\Gcd.Tests.Handlers\Gcd.Tests.Handlers.csproj", "{EFB58B90-94ED-4A6B-B510-8188A266F2B2}"
EndProject
Project("{2150E333-8FDC-42A3-9474-1A3956D46DE8}") = "NiPackageManager", "NiPackageManager", "{844E3C49-70A9-423B-B7D2-29DA91C2E6C9}"
EndProject
Project("{2150E333-8FDC-42A3-9474-1A3956D46DE8}") = "SystemProcess", "SystemProcess", "{2886B4B4-0A4B-443F-ADC7-8E4B84E74D25}"
EndProject
Project("{FAE04EC0-301F-11D3-BF4B-00C04F79EFBC}") = "Gcd.SystemProcess.Abstractions", "src\Gcd.SystemProcess.Abstractions\Gcd.SystemProcess.Abstractions.csproj", "{F474D14D-B2B5-44B0-9D2B-9575246161E5}"
EndProject
Project("{FAE04EC0-301F-11D3-BF4B-00C04F79EFBC}") = "Gcd.SystemProcess", "src\Gcd.SystemProcess\Gcd.SystemProcess.csproj", "{3EE52290-FBA3-49EB-BF75-110F0B927324}"
EndProject
Project("{FAE04EC0-301F-11D3-BF4B-00C04F79EFBC}") = "Gcd.NiPackageManager.Abstractions", "src\Gcd.NiPackageManager.Abstractions\Gcd.NiPackageManager.Abstractions.csproj", "{2888FFEA-4397-4927-9C70-C79985856F72}"
EndProject
Project("{FAE04EC0-301F-11D3-BF4B-00C04F79EFBC}") = "Gcd.NiPackageManager", "src\Gcd.NiPackageManager\Gcd.NiPackageManager.csproj", "{2C250286-9D5A-4E51-BD8B-1C003190E74E}"
EndProject
Project("{FAE04EC0-301F-11D3-BF4B-00C04F79EFBC}") = "Gcd.NiPackageManager.Tests", "tests\Gcd.NiPackageManager.Tests\Gcd.NiPackageManager.Tests.csproj", "{AC896BE1-7E37-4059-8520-7C23A73A3EFB}"
EndProject
Project("{FAE04EC0-301F-11D3-BF4B-00C04F79EFBC}") = "Gcd.Snapshot.Tests", "src\Gcd.Snapshot.Tests\Gcd.Snapshot.Tests.csproj", "{5979F55A-83D5-4FA6-8C7C-A5C265BBBBE9}"
EndProject
Global
	GlobalSection(SolutionConfigurationPlatforms) = preSolution
		Debug|Any CPU = Debug|Any CPU
		Debug|x64 = Debug|x64
		Debug|x86 = Debug|x86
		Release|Any CPU = Release|Any CPU
		Release|x64 = Release|x64
		Release|x86 = Release|x86
	EndGlobalSection
	GlobalSection(ProjectConfigurationPlatforms) = postSolution
		{37CDAE61-E6D8-40D0-8C93-34432D06F8BE}.Debug|Any CPU.ActiveCfg = Debug|Any CPU
		{37CDAE61-E6D8-40D0-8C93-34432D06F8BE}.Debug|Any CPU.Build.0 = Debug|Any CPU
		{37CDAE61-E6D8-40D0-8C93-34432D06F8BE}.Debug|x64.ActiveCfg = Debug|Any CPU
		{37CDAE61-E6D8-40D0-8C93-34432D06F8BE}.Debug|x64.Build.0 = Debug|Any CPU
		{37CDAE61-E6D8-40D0-8C93-34432D06F8BE}.Debug|x86.ActiveCfg = Debug|Any CPU
		{37CDAE61-E6D8-40D0-8C93-34432D06F8BE}.Debug|x86.Build.0 = Debug|Any CPU
		{37CDAE61-E6D8-40D0-8C93-34432D06F8BE}.Release|Any CPU.ActiveCfg = Release|Any CPU
		{37CDAE61-E6D8-40D0-8C93-34432D06F8BE}.Release|Any CPU.Build.0 = Release|Any CPU
		{37CDAE61-E6D8-40D0-8C93-34432D06F8BE}.Release|x64.ActiveCfg = Release|Any CPU
		{37CDAE61-E6D8-40D0-8C93-34432D06F8BE}.Release|x64.Build.0 = Release|Any CPU
		{37CDAE61-E6D8-40D0-8C93-34432D06F8BE}.Release|x86.ActiveCfg = Release|Any CPU
		{37CDAE61-E6D8-40D0-8C93-34432D06F8BE}.Release|x86.Build.0 = Release|Any CPU
		{8748FBC2-D416-402A-9328-804D850AEFEE}.Debug|Any CPU.ActiveCfg = Debug|Any CPU
		{8748FBC2-D416-402A-9328-804D850AEFEE}.Debug|Any CPU.Build.0 = Debug|Any CPU
		{8748FBC2-D416-402A-9328-804D850AEFEE}.Debug|x64.ActiveCfg = Debug|Any CPU
		{8748FBC2-D416-402A-9328-804D850AEFEE}.Debug|x64.Build.0 = Debug|Any CPU
		{8748FBC2-D416-402A-9328-804D850AEFEE}.Debug|x86.ActiveCfg = Debug|Any CPU
		{8748FBC2-D416-402A-9328-804D850AEFEE}.Debug|x86.Build.0 = Debug|Any CPU
		{8748FBC2-D416-402A-9328-804D850AEFEE}.Release|Any CPU.ActiveCfg = Release|Any CPU
		{8748FBC2-D416-402A-9328-804D850AEFEE}.Release|Any CPU.Build.0 = Release|Any CPU
		{8748FBC2-D416-402A-9328-804D850AEFEE}.Release|x64.ActiveCfg = Release|Any CPU
		{8748FBC2-D416-402A-9328-804D850AEFEE}.Release|x64.Build.0 = Release|Any CPU
		{8748FBC2-D416-402A-9328-804D850AEFEE}.Release|x86.ActiveCfg = Release|Any CPU
		{8748FBC2-D416-402A-9328-804D850AEFEE}.Release|x86.Build.0 = Release|Any CPU
		{0160FF01-AE39-48E5-AE28-B044E3B660F4}.Debug|Any CPU.ActiveCfg = Debug|Any CPU
		{0160FF01-AE39-48E5-AE28-B044E3B660F4}.Debug|Any CPU.Build.0 = Debug|Any CPU
		{0160FF01-AE39-48E5-AE28-B044E3B660F4}.Debug|x64.ActiveCfg = Debug|Any CPU
		{0160FF01-AE39-48E5-AE28-B044E3B660F4}.Debug|x64.Build.0 = Debug|Any CPU
		{0160FF01-AE39-48E5-AE28-B044E3B660F4}.Debug|x86.ActiveCfg = Debug|Any CPU
		{0160FF01-AE39-48E5-AE28-B044E3B660F4}.Debug|x86.Build.0 = Debug|Any CPU
		{0160FF01-AE39-48E5-AE28-B044E3B660F4}.Release|Any CPU.ActiveCfg = Release|Any CPU
		{0160FF01-AE39-48E5-AE28-B044E3B660F4}.Release|Any CPU.Build.0 = Release|Any CPU
		{0160FF01-AE39-48E5-AE28-B044E3B660F4}.Release|x64.ActiveCfg = Release|Any CPU
		{0160FF01-AE39-48E5-AE28-B044E3B660F4}.Release|x64.Build.0 = Release|Any CPU
		{0160FF01-AE39-48E5-AE28-B044E3B660F4}.Release|x86.ActiveCfg = Release|Any CPU
		{0160FF01-AE39-48E5-AE28-B044E3B660F4}.Release|x86.Build.0 = Release|Any CPU
		{3738EFD6-0298-4EC7-B57F-9323925DCA07}.Debug|Any CPU.ActiveCfg = Debug|Any CPU
		{3738EFD6-0298-4EC7-B57F-9323925DCA07}.Debug|Any CPU.Build.0 = Debug|Any CPU
		{3738EFD6-0298-4EC7-B57F-9323925DCA07}.Debug|x64.ActiveCfg = Debug|Any CPU
		{3738EFD6-0298-4EC7-B57F-9323925DCA07}.Debug|x64.Build.0 = Debug|Any CPU
		{3738EFD6-0298-4EC7-B57F-9323925DCA07}.Debug|x86.ActiveCfg = Debug|Any CPU
		{3738EFD6-0298-4EC7-B57F-9323925DCA07}.Debug|x86.Build.0 = Debug|Any CPU
		{3738EFD6-0298-4EC7-B57F-9323925DCA07}.Release|Any CPU.ActiveCfg = Release|Any CPU
		{3738EFD6-0298-4EC7-B57F-9323925DCA07}.Release|Any CPU.Build.0 = Release|Any CPU
		{3738EFD6-0298-4EC7-B57F-9323925DCA07}.Release|x64.ActiveCfg = Release|Any CPU
		{3738EFD6-0298-4EC7-B57F-9323925DCA07}.Release|x64.Build.0 = Release|Any CPU
		{3738EFD6-0298-4EC7-B57F-9323925DCA07}.Release|x86.ActiveCfg = Release|Any CPU
		{3738EFD6-0298-4EC7-B57F-9323925DCA07}.Release|x86.Build.0 = Release|Any CPU
		{69AA8B40-22B4-48F4-BCA7-2DD136FA750C}.Debug|Any CPU.ActiveCfg = Debug|Any CPU
		{69AA8B40-22B4-48F4-BCA7-2DD136FA750C}.Debug|Any CPU.Build.0 = Debug|Any CPU
		{69AA8B40-22B4-48F4-BCA7-2DD136FA750C}.Debug|x64.ActiveCfg = Debug|Any CPU
		{69AA8B40-22B4-48F4-BCA7-2DD136FA750C}.Debug|x64.Build.0 = Debug|Any CPU
		{69AA8B40-22B4-48F4-BCA7-2DD136FA750C}.Debug|x86.ActiveCfg = Debug|Any CPU
		{69AA8B40-22B4-48F4-BCA7-2DD136FA750C}.Debug|x86.Build.0 = Debug|Any CPU
		{69AA8B40-22B4-48F4-BCA7-2DD136FA750C}.Release|Any CPU.ActiveCfg = Release|Any CPU
		{69AA8B40-22B4-48F4-BCA7-2DD136FA750C}.Release|Any CPU.Build.0 = Release|Any CPU
		{69AA8B40-22B4-48F4-BCA7-2DD136FA750C}.Release|x64.ActiveCfg = Release|Any CPU
		{69AA8B40-22B4-48F4-BCA7-2DD136FA750C}.Release|x64.Build.0 = Release|Any CPU
		{69AA8B40-22B4-48F4-BCA7-2DD136FA750C}.Release|x86.ActiveCfg = Release|Any CPU
		{69AA8B40-22B4-48F4-BCA7-2DD136FA750C}.Release|x86.Build.0 = Release|Any CPU
		{0242FEAB-64EB-41CE-A163-6FF8EFB0010B}.Debug|Any CPU.ActiveCfg = Debug|Any CPU
		{0242FEAB-64EB-41CE-A163-6FF8EFB0010B}.Debug|Any CPU.Build.0 = Debug|Any CPU
		{0242FEAB-64EB-41CE-A163-6FF8EFB0010B}.Debug|x64.ActiveCfg = Debug|Any CPU
		{0242FEAB-64EB-41CE-A163-6FF8EFB0010B}.Debug|x64.Build.0 = Debug|Any CPU
		{0242FEAB-64EB-41CE-A163-6FF8EFB0010B}.Debug|x86.ActiveCfg = Debug|Any CPU
		{0242FEAB-64EB-41CE-A163-6FF8EFB0010B}.Debug|x86.Build.0 = Debug|Any CPU
		{0242FEAB-64EB-41CE-A163-6FF8EFB0010B}.Release|Any CPU.ActiveCfg = Release|Any CPU
		{0242FEAB-64EB-41CE-A163-6FF8EFB0010B}.Release|Any CPU.Build.0 = Release|Any CPU
		{0242FEAB-64EB-41CE-A163-6FF8EFB0010B}.Release|x64.ActiveCfg = Release|Any CPU
		{0242FEAB-64EB-41CE-A163-6FF8EFB0010B}.Release|x64.Build.0 = Release|Any CPU
		{0242FEAB-64EB-41CE-A163-6FF8EFB0010B}.Release|x86.ActiveCfg = Release|Any CPU
		{0242FEAB-64EB-41CE-A163-6FF8EFB0010B}.Release|x86.Build.0 = Release|Any CPU
		{0ED1403F-2183-43FA-9429-FE4B589C3F10}.Debug|Any CPU.ActiveCfg = Debug|Any CPU
		{0ED1403F-2183-43FA-9429-FE4B589C3F10}.Debug|Any CPU.Build.0 = Debug|Any CPU
		{0ED1403F-2183-43FA-9429-FE4B589C3F10}.Debug|x64.ActiveCfg = Debug|Any CPU
		{0ED1403F-2183-43FA-9429-FE4B589C3F10}.Debug|x64.Build.0 = Debug|Any CPU
		{0ED1403F-2183-43FA-9429-FE4B589C3F10}.Debug|x86.ActiveCfg = Debug|Any CPU
		{0ED1403F-2183-43FA-9429-FE4B589C3F10}.Debug|x86.Build.0 = Debug|Any CPU
		{0ED1403F-2183-43FA-9429-FE4B589C3F10}.Release|Any CPU.ActiveCfg = Release|Any CPU
		{0ED1403F-2183-43FA-9429-FE4B589C3F10}.Release|Any CPU.Build.0 = Release|Any CPU
		{0ED1403F-2183-43FA-9429-FE4B589C3F10}.Release|x64.ActiveCfg = Release|Any CPU
		{0ED1403F-2183-43FA-9429-FE4B589C3F10}.Release|x64.Build.0 = Release|Any CPU
		{0ED1403F-2183-43FA-9429-FE4B589C3F10}.Release|x86.ActiveCfg = Release|Any CPU
		{0ED1403F-2183-43FA-9429-FE4B589C3F10}.Release|x86.Build.0 = Release|Any CPU
		{138AD959-8C74-4318-8625-A607B21F690F}.Debug|Any CPU.ActiveCfg = Debug|Any CPU
		{138AD959-8C74-4318-8625-A607B21F690F}.Debug|Any CPU.Build.0 = Debug|Any CPU
		{138AD959-8C74-4318-8625-A607B21F690F}.Debug|x64.ActiveCfg = Debug|Any CPU
		{138AD959-8C74-4318-8625-A607B21F690F}.Debug|x64.Build.0 = Debug|Any CPU
		{138AD959-8C74-4318-8625-A607B21F690F}.Debug|x86.ActiveCfg = Debug|Any CPU
		{138AD959-8C74-4318-8625-A607B21F690F}.Debug|x86.Build.0 = Debug|Any CPU
		{138AD959-8C74-4318-8625-A607B21F690F}.Release|Any CPU.ActiveCfg = Release|Any CPU
		{138AD959-8C74-4318-8625-A607B21F690F}.Release|Any CPU.Build.0 = Release|Any CPU
		{138AD959-8C74-4318-8625-A607B21F690F}.Release|x64.ActiveCfg = Release|Any CPU
		{138AD959-8C74-4318-8625-A607B21F690F}.Release|x64.Build.0 = Release|Any CPU
		{138AD959-8C74-4318-8625-A607B21F690F}.Release|x86.ActiveCfg = Release|Any CPU
		{138AD959-8C74-4318-8625-A607B21F690F}.Release|x86.Build.0 = Release|Any CPU
		{2AAB1CF9-D92B-48EC-90D3-981CD9B6139C}.Debug|Any CPU.ActiveCfg = Debug|Any CPU
		{2AAB1CF9-D92B-48EC-90D3-981CD9B6139C}.Debug|Any CPU.Build.0 = Debug|Any CPU
		{2AAB1CF9-D92B-48EC-90D3-981CD9B6139C}.Debug|x64.ActiveCfg = Debug|Any CPU
		{2AAB1CF9-D92B-48EC-90D3-981CD9B6139C}.Debug|x64.Build.0 = Debug|Any CPU
		{2AAB1CF9-D92B-48EC-90D3-981CD9B6139C}.Debug|x86.ActiveCfg = Debug|Any CPU
		{2AAB1CF9-D92B-48EC-90D3-981CD9B6139C}.Debug|x86.Build.0 = Debug|Any CPU
		{2AAB1CF9-D92B-48EC-90D3-981CD9B6139C}.Release|Any CPU.ActiveCfg = Release|Any CPU
		{2AAB1CF9-D92B-48EC-90D3-981CD9B6139C}.Release|Any CPU.Build.0 = Release|Any CPU
		{2AAB1CF9-D92B-48EC-90D3-981CD9B6139C}.Release|x64.ActiveCfg = Release|Any CPU
		{2AAB1CF9-D92B-48EC-90D3-981CD9B6139C}.Release|x64.Build.0 = Release|Any CPU
		{2AAB1CF9-D92B-48EC-90D3-981CD9B6139C}.Release|x86.ActiveCfg = Release|Any CPU
		{2AAB1CF9-D92B-48EC-90D3-981CD9B6139C}.Release|x86.Build.0 = Release|Any CPU
		{933EBD8A-9C80-41A6-8A35-E3EF408DC8DA}.Debug|Any CPU.ActiveCfg = Debug|Any CPU
		{933EBD8A-9C80-41A6-8A35-E3EF408DC8DA}.Debug|Any CPU.Build.0 = Debug|Any CPU
		{933EBD8A-9C80-41A6-8A35-E3EF408DC8DA}.Debug|x64.ActiveCfg = Debug|Any CPU
		{933EBD8A-9C80-41A6-8A35-E3EF408DC8DA}.Debug|x64.Build.0 = Debug|Any CPU
		{933EBD8A-9C80-41A6-8A35-E3EF408DC8DA}.Debug|x86.ActiveCfg = Debug|Any CPU
		{933EBD8A-9C80-41A6-8A35-E3EF408DC8DA}.Debug|x86.Build.0 = Debug|Any CPU
		{933EBD8A-9C80-41A6-8A35-E3EF408DC8DA}.Release|Any CPU.ActiveCfg = Release|Any CPU
		{933EBD8A-9C80-41A6-8A35-E3EF408DC8DA}.Release|Any CPU.Build.0 = Release|Any CPU
		{933EBD8A-9C80-41A6-8A35-E3EF408DC8DA}.Release|x64.ActiveCfg = Release|Any CPU
		{933EBD8A-9C80-41A6-8A35-E3EF408DC8DA}.Release|x64.Build.0 = Release|Any CPU
		{933EBD8A-9C80-41A6-8A35-E3EF408DC8DA}.Release|x86.ActiveCfg = Release|Any CPU
		{933EBD8A-9C80-41A6-8A35-E3EF408DC8DA}.Release|x86.Build.0 = Release|Any CPU
		{90251374-F247-4E39-A5B4-C43BE5CBCDE1}.Debug|Any CPU.ActiveCfg = Debug|Any CPU
		{90251374-F247-4E39-A5B4-C43BE5CBCDE1}.Debug|Any CPU.Build.0 = Debug|Any CPU
		{90251374-F247-4E39-A5B4-C43BE5CBCDE1}.Debug|x64.ActiveCfg = Debug|Any CPU
		{90251374-F247-4E39-A5B4-C43BE5CBCDE1}.Debug|x64.Build.0 = Debug|Any CPU
		{90251374-F247-4E39-A5B4-C43BE5CBCDE1}.Debug|x86.ActiveCfg = Debug|Any CPU
		{90251374-F247-4E39-A5B4-C43BE5CBCDE1}.Debug|x86.Build.0 = Debug|Any CPU
		{90251374-F247-4E39-A5B4-C43BE5CBCDE1}.Release|Any CPU.ActiveCfg = Release|Any CPU
		{90251374-F247-4E39-A5B4-C43BE5CBCDE1}.Release|Any CPU.Build.0 = Release|Any CPU
		{90251374-F247-4E39-A5B4-C43BE5CBCDE1}.Release|x64.ActiveCfg = Release|Any CPU
		{90251374-F247-4E39-A5B4-C43BE5CBCDE1}.Release|x64.Build.0 = Release|Any CPU
		{90251374-F247-4E39-A5B4-C43BE5CBCDE1}.Release|x86.ActiveCfg = Release|Any CPU
		{90251374-F247-4E39-A5B4-C43BE5CBCDE1}.Release|x86.Build.0 = Release|Any CPU
		{6D15E634-8229-4ED8-898D-02D1F85A76C5}.Debug|Any CPU.ActiveCfg = Debug|Any CPU
		{6D15E634-8229-4ED8-898D-02D1F85A76C5}.Debug|Any CPU.Build.0 = Debug|Any CPU
		{6D15E634-8229-4ED8-898D-02D1F85A76C5}.Debug|x64.ActiveCfg = Debug|Any CPU
		{6D15E634-8229-4ED8-898D-02D1F85A76C5}.Debug|x64.Build.0 = Debug|Any CPU
		{6D15E634-8229-4ED8-898D-02D1F85A76C5}.Debug|x86.ActiveCfg = Debug|Any CPU
		{6D15E634-8229-4ED8-898D-02D1F85A76C5}.Debug|x86.Build.0 = Debug|Any CPU
		{6D15E634-8229-4ED8-898D-02D1F85A76C5}.Release|Any CPU.ActiveCfg = Release|Any CPU
		{6D15E634-8229-4ED8-898D-02D1F85A76C5}.Release|Any CPU.Build.0 = Release|Any CPU
		{6D15E634-8229-4ED8-898D-02D1F85A76C5}.Release|x64.ActiveCfg = Release|Any CPU
		{6D15E634-8229-4ED8-898D-02D1F85A76C5}.Release|x64.Build.0 = Release|Any CPU
		{6D15E634-8229-4ED8-898D-02D1F85A76C5}.Release|x86.ActiveCfg = Release|Any CPU
		{6D15E634-8229-4ED8-898D-02D1F85A76C5}.Release|x86.Build.0 = Release|Any CPU
		{B831B6B4-A262-40B8-9098-CC93523596CC}.Debug|Any CPU.ActiveCfg = Debug|Any CPU
		{B831B6B4-A262-40B8-9098-CC93523596CC}.Debug|Any CPU.Build.0 = Debug|Any CPU
		{B831B6B4-A262-40B8-9098-CC93523596CC}.Debug|x64.ActiveCfg = Debug|Any CPU
		{B831B6B4-A262-40B8-9098-CC93523596CC}.Debug|x64.Build.0 = Debug|Any CPU
		{B831B6B4-A262-40B8-9098-CC93523596CC}.Debug|x86.ActiveCfg = Debug|Any CPU
		{B831B6B4-A262-40B8-9098-CC93523596CC}.Debug|x86.Build.0 = Debug|Any CPU
		{B831B6B4-A262-40B8-9098-CC93523596CC}.Release|Any CPU.ActiveCfg = Release|Any CPU
		{B831B6B4-A262-40B8-9098-CC93523596CC}.Release|Any CPU.Build.0 = Release|Any CPU
		{B831B6B4-A262-40B8-9098-CC93523596CC}.Release|x64.ActiveCfg = Release|Any CPU
		{B831B6B4-A262-40B8-9098-CC93523596CC}.Release|x64.Build.0 = Release|Any CPU
		{B831B6B4-A262-40B8-9098-CC93523596CC}.Release|x86.ActiveCfg = Release|Any CPU
		{B831B6B4-A262-40B8-9098-CC93523596CC}.Release|x86.Build.0 = Release|Any CPU
		{201E5537-E9BD-456C-9A72-7A19E305FCE8}.Debug|Any CPU.ActiveCfg = Debug|Any CPU
		{201E5537-E9BD-456C-9A72-7A19E305FCE8}.Debug|Any CPU.Build.0 = Debug|Any CPU
		{201E5537-E9BD-456C-9A72-7A19E305FCE8}.Debug|x64.ActiveCfg = Debug|Any CPU
		{201E5537-E9BD-456C-9A72-7A19E305FCE8}.Debug|x64.Build.0 = Debug|Any CPU
		{201E5537-E9BD-456C-9A72-7A19E305FCE8}.Debug|x86.ActiveCfg = Debug|Any CPU
		{201E5537-E9BD-456C-9A72-7A19E305FCE8}.Debug|x86.Build.0 = Debug|Any CPU
		{201E5537-E9BD-456C-9A72-7A19E305FCE8}.Release|Any CPU.ActiveCfg = Release|Any CPU
		{201E5537-E9BD-456C-9A72-7A19E305FCE8}.Release|Any CPU.Build.0 = Release|Any CPU
		{201E5537-E9BD-456C-9A72-7A19E305FCE8}.Release|x64.ActiveCfg = Release|Any CPU
		{201E5537-E9BD-456C-9A72-7A19E305FCE8}.Release|x64.Build.0 = Release|Any CPU
		{201E5537-E9BD-456C-9A72-7A19E305FCE8}.Release|x86.ActiveCfg = Release|Any CPU
		{201E5537-E9BD-456C-9A72-7A19E305FCE8}.Release|x86.Build.0 = Release|Any CPU
		{E7105224-140E-41F5-9ECC-77DFD3CA3735}.Debug|Any CPU.ActiveCfg = Debug|Any CPU
		{E7105224-140E-41F5-9ECC-77DFD3CA3735}.Debug|Any CPU.Build.0 = Debug|Any CPU
		{E7105224-140E-41F5-9ECC-77DFD3CA3735}.Debug|x64.ActiveCfg = Debug|Any CPU
		{E7105224-140E-41F5-9ECC-77DFD3CA3735}.Debug|x64.Build.0 = Debug|Any CPU
		{E7105224-140E-41F5-9ECC-77DFD3CA3735}.Debug|x86.ActiveCfg = Debug|Any CPU
		{E7105224-140E-41F5-9ECC-77DFD3CA3735}.Debug|x86.Build.0 = Debug|Any CPU
		{E7105224-140E-41F5-9ECC-77DFD3CA3735}.Release|Any CPU.ActiveCfg = Release|Any CPU
		{E7105224-140E-41F5-9ECC-77DFD3CA3735}.Release|Any CPU.Build.0 = Release|Any CPU
		{E7105224-140E-41F5-9ECC-77DFD3CA3735}.Release|x64.ActiveCfg = Release|Any CPU
		{E7105224-140E-41F5-9ECC-77DFD3CA3735}.Release|x64.Build.0 = Release|Any CPU
		{E7105224-140E-41F5-9ECC-77DFD3CA3735}.Release|x86.ActiveCfg = Release|Any CPU
		{E7105224-140E-41F5-9ECC-77DFD3CA3735}.Release|x86.Build.0 = Release|Any CPU
		{88DBD202-170C-4043-BB86-18AC61DA238C}.Debug|Any CPU.ActiveCfg = Debug|Any CPU
		{88DBD202-170C-4043-BB86-18AC61DA238C}.Debug|Any CPU.Build.0 = Debug|Any CPU
		{88DBD202-170C-4043-BB86-18AC61DA238C}.Debug|x64.ActiveCfg = Debug|Any CPU
		{88DBD202-170C-4043-BB86-18AC61DA238C}.Debug|x64.Build.0 = Debug|Any CPU
		{88DBD202-170C-4043-BB86-18AC61DA238C}.Debug|x86.ActiveCfg = Debug|Any CPU
		{88DBD202-170C-4043-BB86-18AC61DA238C}.Debug|x86.Build.0 = Debug|Any CPU
		{88DBD202-170C-4043-BB86-18AC61DA238C}.Release|Any CPU.ActiveCfg = Release|Any CPU
		{88DBD202-170C-4043-BB86-18AC61DA238C}.Release|Any CPU.Build.0 = Release|Any CPU
		{88DBD202-170C-4043-BB86-18AC61DA238C}.Release|x64.ActiveCfg = Release|Any CPU
		{88DBD202-170C-4043-BB86-18AC61DA238C}.Release|x64.Build.0 = Release|Any CPU
		{88DBD202-170C-4043-BB86-18AC61DA238C}.Release|x86.ActiveCfg = Release|Any CPU
		{88DBD202-170C-4043-BB86-18AC61DA238C}.Release|x86.Build.0 = Release|Any CPU
		{362675F0-A8B1-4BB4-99C3-2629F9464B8D}.Debug|Any CPU.ActiveCfg = Debug|Any CPU
		{362675F0-A8B1-4BB4-99C3-2629F9464B8D}.Debug|Any CPU.Build.0 = Debug|Any CPU
		{362675F0-A8B1-4BB4-99C3-2629F9464B8D}.Debug|x64.ActiveCfg = Debug|Any CPU
		{362675F0-A8B1-4BB4-99C3-2629F9464B8D}.Debug|x64.Build.0 = Debug|Any CPU
		{362675F0-A8B1-4BB4-99C3-2629F9464B8D}.Debug|x86.ActiveCfg = Debug|Any CPU
		{362675F0-A8B1-4BB4-99C3-2629F9464B8D}.Debug|x86.Build.0 = Debug|Any CPU
		{362675F0-A8B1-4BB4-99C3-2629F9464B8D}.Release|Any CPU.ActiveCfg = Release|Any CPU
		{362675F0-A8B1-4BB4-99C3-2629F9464B8D}.Release|Any CPU.Build.0 = Release|Any CPU
		{362675F0-A8B1-4BB4-99C3-2629F9464B8D}.Release|x64.ActiveCfg = Release|Any CPU
		{362675F0-A8B1-4BB4-99C3-2629F9464B8D}.Release|x64.Build.0 = Release|Any CPU
		{362675F0-A8B1-4BB4-99C3-2629F9464B8D}.Release|x86.ActiveCfg = Release|Any CPU
		{362675F0-A8B1-4BB4-99C3-2629F9464B8D}.Release|x86.Build.0 = Release|Any CPU
		{8658F0D2-D2C5-4BBB-9DC5-88CC4E99B7F3}.Debug|Any CPU.ActiveCfg = Debug|Any CPU
		{8658F0D2-D2C5-4BBB-9DC5-88CC4E99B7F3}.Debug|Any CPU.Build.0 = Debug|Any CPU
		{8658F0D2-D2C5-4BBB-9DC5-88CC4E99B7F3}.Debug|x64.ActiveCfg = Debug|Any CPU
		{8658F0D2-D2C5-4BBB-9DC5-88CC4E99B7F3}.Debug|x64.Build.0 = Debug|Any CPU
		{8658F0D2-D2C5-4BBB-9DC5-88CC4E99B7F3}.Debug|x86.ActiveCfg = Debug|Any CPU
		{8658F0D2-D2C5-4BBB-9DC5-88CC4E99B7F3}.Debug|x86.Build.0 = Debug|Any CPU
		{8658F0D2-D2C5-4BBB-9DC5-88CC4E99B7F3}.Release|Any CPU.ActiveCfg = Release|Any CPU
		{8658F0D2-D2C5-4BBB-9DC5-88CC4E99B7F3}.Release|Any CPU.Build.0 = Release|Any CPU
		{8658F0D2-D2C5-4BBB-9DC5-88CC4E99B7F3}.Release|x64.ActiveCfg = Release|Any CPU
		{8658F0D2-D2C5-4BBB-9DC5-88CC4E99B7F3}.Release|x64.Build.0 = Release|Any CPU
		{8658F0D2-D2C5-4BBB-9DC5-88CC4E99B7F3}.Release|x86.ActiveCfg = Release|Any CPU
		{8658F0D2-D2C5-4BBB-9DC5-88CC4E99B7F3}.Release|x86.Build.0 = Release|Any CPU
		{B6A116CC-7588-48AF-A31A-AB74972572A1}.Debug|Any CPU.ActiveCfg = Debug|Any CPU
		{B6A116CC-7588-48AF-A31A-AB74972572A1}.Debug|Any CPU.Build.0 = Debug|Any CPU
		{B6A116CC-7588-48AF-A31A-AB74972572A1}.Debug|x64.ActiveCfg = Debug|Any CPU
		{B6A116CC-7588-48AF-A31A-AB74972572A1}.Debug|x64.Build.0 = Debug|Any CPU
		{B6A116CC-7588-48AF-A31A-AB74972572A1}.Debug|x86.ActiveCfg = Debug|Any CPU
		{B6A116CC-7588-48AF-A31A-AB74972572A1}.Debug|x86.Build.0 = Debug|Any CPU
		{B6A116CC-7588-48AF-A31A-AB74972572A1}.Release|Any CPU.ActiveCfg = Release|Any CPU
		{B6A116CC-7588-48AF-A31A-AB74972572A1}.Release|Any CPU.Build.0 = Release|Any CPU
		{B6A116CC-7588-48AF-A31A-AB74972572A1}.Release|x64.ActiveCfg = Release|Any CPU
		{B6A116CC-7588-48AF-A31A-AB74972572A1}.Release|x64.Build.0 = Release|Any CPU
		{B6A116CC-7588-48AF-A31A-AB74972572A1}.Release|x86.ActiveCfg = Release|Any CPU
		{B6A116CC-7588-48AF-A31A-AB74972572A1}.Release|x86.Build.0 = Release|Any CPU
		{C972A920-3495-49A1-96E8-EDCF81B3DEBC}.Debug|Any CPU.ActiveCfg = Debug|Any CPU
		{C972A920-3495-49A1-96E8-EDCF81B3DEBC}.Debug|Any CPU.Build.0 = Debug|Any CPU
		{C972A920-3495-49A1-96E8-EDCF81B3DEBC}.Debug|x64.ActiveCfg = Debug|Any CPU
		{C972A920-3495-49A1-96E8-EDCF81B3DEBC}.Debug|x64.Build.0 = Debug|Any CPU
		{C972A920-3495-49A1-96E8-EDCF81B3DEBC}.Debug|x86.ActiveCfg = Debug|Any CPU
		{C972A920-3495-49A1-96E8-EDCF81B3DEBC}.Debug|x86.Build.0 = Debug|Any CPU
		{C972A920-3495-49A1-96E8-EDCF81B3DEBC}.Release|Any CPU.ActiveCfg = Release|Any CPU
		{C972A920-3495-49A1-96E8-EDCF81B3DEBC}.Release|Any CPU.Build.0 = Release|Any CPU
		{C972A920-3495-49A1-96E8-EDCF81B3DEBC}.Release|x64.ActiveCfg = Release|Any CPU
		{C972A920-3495-49A1-96E8-EDCF81B3DEBC}.Release|x64.Build.0 = Release|Any CPU
		{C972A920-3495-49A1-96E8-EDCF81B3DEBC}.Release|x86.ActiveCfg = Release|Any CPU
		{C972A920-3495-49A1-96E8-EDCF81B3DEBC}.Release|x86.Build.0 = Release|Any CPU
		{451952F9-0BD2-4271-9B3C-0E32EA9EB6A7}.Debug|Any CPU.ActiveCfg = Debug|Any CPU
		{451952F9-0BD2-4271-9B3C-0E32EA9EB6A7}.Debug|Any CPU.Build.0 = Debug|Any CPU
		{451952F9-0BD2-4271-9B3C-0E32EA9EB6A7}.Debug|x64.ActiveCfg = Debug|Any CPU
		{451952F9-0BD2-4271-9B3C-0E32EA9EB6A7}.Debug|x64.Build.0 = Debug|Any CPU
		{451952F9-0BD2-4271-9B3C-0E32EA9EB6A7}.Debug|x86.ActiveCfg = Debug|Any CPU
		{451952F9-0BD2-4271-9B3C-0E32EA9EB6A7}.Debug|x86.Build.0 = Debug|Any CPU
		{451952F9-0BD2-4271-9B3C-0E32EA9EB6A7}.Release|Any CPU.ActiveCfg = Release|Any CPU
		{451952F9-0BD2-4271-9B3C-0E32EA9EB6A7}.Release|Any CPU.Build.0 = Release|Any CPU
		{451952F9-0BD2-4271-9B3C-0E32EA9EB6A7}.Release|x64.ActiveCfg = Release|Any CPU
		{451952F9-0BD2-4271-9B3C-0E32EA9EB6A7}.Release|x64.Build.0 = Release|Any CPU
		{451952F9-0BD2-4271-9B3C-0E32EA9EB6A7}.Release|x86.ActiveCfg = Release|Any CPU
		{451952F9-0BD2-4271-9B3C-0E32EA9EB6A7}.Release|x86.Build.0 = Release|Any CPU
		{C08B3F40-802B-4989-97B7-0A7FB6AD8BE3}.Debug|Any CPU.ActiveCfg = Debug|Any CPU
		{C08B3F40-802B-4989-97B7-0A7FB6AD8BE3}.Debug|Any CPU.Build.0 = Debug|Any CPU
		{C08B3F40-802B-4989-97B7-0A7FB6AD8BE3}.Debug|x64.ActiveCfg = Debug|Any CPU
		{C08B3F40-802B-4989-97B7-0A7FB6AD8BE3}.Debug|x64.Build.0 = Debug|Any CPU
		{C08B3F40-802B-4989-97B7-0A7FB6AD8BE3}.Debug|x86.ActiveCfg = Debug|Any CPU
		{C08B3F40-802B-4989-97B7-0A7FB6AD8BE3}.Debug|x86.Build.0 = Debug|Any CPU
		{C08B3F40-802B-4989-97B7-0A7FB6AD8BE3}.Release|Any CPU.ActiveCfg = Release|Any CPU
		{C08B3F40-802B-4989-97B7-0A7FB6AD8BE3}.Release|Any CPU.Build.0 = Release|Any CPU
		{C08B3F40-802B-4989-97B7-0A7FB6AD8BE3}.Release|x64.ActiveCfg = Release|Any CPU
		{C08B3F40-802B-4989-97B7-0A7FB6AD8BE3}.Release|x64.Build.0 = Release|Any CPU
		{C08B3F40-802B-4989-97B7-0A7FB6AD8BE3}.Release|x86.ActiveCfg = Release|Any CPU
		{C08B3F40-802B-4989-97B7-0A7FB6AD8BE3}.Release|x86.Build.0 = Release|Any CPU
		{65E55F29-9340-4730-AAA8-C3D8F3066A89}.Debug|Any CPU.ActiveCfg = Debug|Any CPU
		{65E55F29-9340-4730-AAA8-C3D8F3066A89}.Debug|Any CPU.Build.0 = Debug|Any CPU
		{65E55F29-9340-4730-AAA8-C3D8F3066A89}.Debug|x64.ActiveCfg = Debug|Any CPU
		{65E55F29-9340-4730-AAA8-C3D8F3066A89}.Debug|x64.Build.0 = Debug|Any CPU
		{65E55F29-9340-4730-AAA8-C3D8F3066A89}.Debug|x86.ActiveCfg = Debug|Any CPU
		{65E55F29-9340-4730-AAA8-C3D8F3066A89}.Debug|x86.Build.0 = Debug|Any CPU
		{65E55F29-9340-4730-AAA8-C3D8F3066A89}.Release|Any CPU.ActiveCfg = Release|Any CPU
		{65E55F29-9340-4730-AAA8-C3D8F3066A89}.Release|Any CPU.Build.0 = Release|Any CPU
		{65E55F29-9340-4730-AAA8-C3D8F3066A89}.Release|x64.ActiveCfg = Release|Any CPU
		{65E55F29-9340-4730-AAA8-C3D8F3066A89}.Release|x64.Build.0 = Release|Any CPU
		{65E55F29-9340-4730-AAA8-C3D8F3066A89}.Release|x86.ActiveCfg = Release|Any CPU
		{65E55F29-9340-4730-AAA8-C3D8F3066A89}.Release|x86.Build.0 = Release|Any CPU
		{EFB58B90-94ED-4A6B-B510-8188A266F2B2}.Debug|Any CPU.ActiveCfg = Debug|Any CPU
		{EFB58B90-94ED-4A6B-B510-8188A266F2B2}.Debug|Any CPU.Build.0 = Debug|Any CPU
		{EFB58B90-94ED-4A6B-B510-8188A266F2B2}.Debug|x64.ActiveCfg = Debug|Any CPU
		{EFB58B90-94ED-4A6B-B510-8188A266F2B2}.Debug|x64.Build.0 = Debug|Any CPU
		{EFB58B90-94ED-4A6B-B510-8188A266F2B2}.Debug|x86.ActiveCfg = Debug|Any CPU
		{EFB58B90-94ED-4A6B-B510-8188A266F2B2}.Debug|x86.Build.0 = Debug|Any CPU
		{EFB58B90-94ED-4A6B-B510-8188A266F2B2}.Release|Any CPU.ActiveCfg = Release|Any CPU
		{EFB58B90-94ED-4A6B-B510-8188A266F2B2}.Release|Any CPU.Build.0 = Release|Any CPU
		{EFB58B90-94ED-4A6B-B510-8188A266F2B2}.Release|x64.ActiveCfg = Release|Any CPU
		{EFB58B90-94ED-4A6B-B510-8188A266F2B2}.Release|x64.Build.0 = Release|Any CPU
		{EFB58B90-94ED-4A6B-B510-8188A266F2B2}.Release|x86.ActiveCfg = Release|Any CPU
		{EFB58B90-94ED-4A6B-B510-8188A266F2B2}.Release|x86.Build.0 = Release|Any CPU
		{F474D14D-B2B5-44B0-9D2B-9575246161E5}.Debug|Any CPU.ActiveCfg = Debug|Any CPU
		{F474D14D-B2B5-44B0-9D2B-9575246161E5}.Debug|Any CPU.Build.0 = Debug|Any CPU
		{F474D14D-B2B5-44B0-9D2B-9575246161E5}.Debug|x64.ActiveCfg = Debug|Any CPU
		{F474D14D-B2B5-44B0-9D2B-9575246161E5}.Debug|x64.Build.0 = Debug|Any CPU
		{F474D14D-B2B5-44B0-9D2B-9575246161E5}.Debug|x86.ActiveCfg = Debug|Any CPU
		{F474D14D-B2B5-44B0-9D2B-9575246161E5}.Debug|x86.Build.0 = Debug|Any CPU
		{F474D14D-B2B5-44B0-9D2B-9575246161E5}.Release|Any CPU.ActiveCfg = Release|Any CPU
		{F474D14D-B2B5-44B0-9D2B-9575246161E5}.Release|Any CPU.Build.0 = Release|Any CPU
		{F474D14D-B2B5-44B0-9D2B-9575246161E5}.Release|x64.ActiveCfg = Release|Any CPU
		{F474D14D-B2B5-44B0-9D2B-9575246161E5}.Release|x64.Build.0 = Release|Any CPU
		{F474D14D-B2B5-44B0-9D2B-9575246161E5}.Release|x86.ActiveCfg = Release|Any CPU
		{F474D14D-B2B5-44B0-9D2B-9575246161E5}.Release|x86.Build.0 = Release|Any CPU
		{3EE52290-FBA3-49EB-BF75-110F0B927324}.Debug|Any CPU.ActiveCfg = Debug|Any CPU
		{3EE52290-FBA3-49EB-BF75-110F0B927324}.Debug|Any CPU.Build.0 = Debug|Any CPU
		{3EE52290-FBA3-49EB-BF75-110F0B927324}.Debug|x64.ActiveCfg = Debug|Any CPU
		{3EE52290-FBA3-49EB-BF75-110F0B927324}.Debug|x64.Build.0 = Debug|Any CPU
		{3EE52290-FBA3-49EB-BF75-110F0B927324}.Debug|x86.ActiveCfg = Debug|Any CPU
		{3EE52290-FBA3-49EB-BF75-110F0B927324}.Debug|x86.Build.0 = Debug|Any CPU
		{3EE52290-FBA3-49EB-BF75-110F0B927324}.Release|Any CPU.ActiveCfg = Release|Any CPU
		{3EE52290-FBA3-49EB-BF75-110F0B927324}.Release|Any CPU.Build.0 = Release|Any CPU
		{3EE52290-FBA3-49EB-BF75-110F0B927324}.Release|x64.ActiveCfg = Release|Any CPU
		{3EE52290-FBA3-49EB-BF75-110F0B927324}.Release|x64.Build.0 = Release|Any CPU
		{3EE52290-FBA3-49EB-BF75-110F0B927324}.Release|x86.ActiveCfg = Release|Any CPU
		{3EE52290-FBA3-49EB-BF75-110F0B927324}.Release|x86.Build.0 = Release|Any CPU
		{2888FFEA-4397-4927-9C70-C79985856F72}.Debug|Any CPU.ActiveCfg = Debug|Any CPU
		{2888FFEA-4397-4927-9C70-C79985856F72}.Debug|Any CPU.Build.0 = Debug|Any CPU
		{2888FFEA-4397-4927-9C70-C79985856F72}.Debug|x64.ActiveCfg = Debug|Any CPU
		{2888FFEA-4397-4927-9C70-C79985856F72}.Debug|x64.Build.0 = Debug|Any CPU
		{2888FFEA-4397-4927-9C70-C79985856F72}.Debug|x86.ActiveCfg = Debug|Any CPU
		{2888FFEA-4397-4927-9C70-C79985856F72}.Debug|x86.Build.0 = Debug|Any CPU
		{2888FFEA-4397-4927-9C70-C79985856F72}.Release|Any CPU.ActiveCfg = Release|Any CPU
		{2888FFEA-4397-4927-9C70-C79985856F72}.Release|Any CPU.Build.0 = Release|Any CPU
		{2888FFEA-4397-4927-9C70-C79985856F72}.Release|x64.ActiveCfg = Release|Any CPU
		{2888FFEA-4397-4927-9C70-C79985856F72}.Release|x64.Build.0 = Release|Any CPU
		{2888FFEA-4397-4927-9C70-C79985856F72}.Release|x86.ActiveCfg = Release|Any CPU
		{2888FFEA-4397-4927-9C70-C79985856F72}.Release|x86.Build.0 = Release|Any CPU
		{2C250286-9D5A-4E51-BD8B-1C003190E74E}.Debug|Any CPU.ActiveCfg = Debug|Any CPU
		{2C250286-9D5A-4E51-BD8B-1C003190E74E}.Debug|Any CPU.Build.0 = Debug|Any CPU
		{2C250286-9D5A-4E51-BD8B-1C003190E74E}.Debug|x64.ActiveCfg = Debug|Any CPU
		{2C250286-9D5A-4E51-BD8B-1C003190E74E}.Debug|x64.Build.0 = Debug|Any CPU
		{2C250286-9D5A-4E51-BD8B-1C003190E74E}.Debug|x86.ActiveCfg = Debug|Any CPU
		{2C250286-9D5A-4E51-BD8B-1C003190E74E}.Debug|x86.Build.0 = Debug|Any CPU
		{2C250286-9D5A-4E51-BD8B-1C003190E74E}.Release|Any CPU.ActiveCfg = Release|Any CPU
		{2C250286-9D5A-4E51-BD8B-1C003190E74E}.Release|Any CPU.Build.0 = Release|Any CPU
		{2C250286-9D5A-4E51-BD8B-1C003190E74E}.Release|x64.ActiveCfg = Release|Any CPU
		{2C250286-9D5A-4E51-BD8B-1C003190E74E}.Release|x64.Build.0 = Release|Any CPU
		{2C250286-9D5A-4E51-BD8B-1C003190E74E}.Release|x86.ActiveCfg = Release|Any CPU
		{2C250286-9D5A-4E51-BD8B-1C003190E74E}.Release|x86.Build.0 = Release|Any CPU
		{AC896BE1-7E37-4059-8520-7C23A73A3EFB}.Debug|Any CPU.ActiveCfg = Debug|Any CPU
		{AC896BE1-7E37-4059-8520-7C23A73A3EFB}.Debug|Any CPU.Build.0 = Debug|Any CPU
		{AC896BE1-7E37-4059-8520-7C23A73A3EFB}.Debug|x64.ActiveCfg = Debug|Any CPU
		{AC896BE1-7E37-4059-8520-7C23A73A3EFB}.Debug|x64.Build.0 = Debug|Any CPU
		{AC896BE1-7E37-4059-8520-7C23A73A3EFB}.Debug|x86.ActiveCfg = Debug|Any CPU
		{AC896BE1-7E37-4059-8520-7C23A73A3EFB}.Debug|x86.Build.0 = Debug|Any CPU
		{AC896BE1-7E37-4059-8520-7C23A73A3EFB}.Release|Any CPU.ActiveCfg = Release|Any CPU
		{AC896BE1-7E37-4059-8520-7C23A73A3EFB}.Release|Any CPU.Build.0 = Release|Any CPU
		{AC896BE1-7E37-4059-8520-7C23A73A3EFB}.Release|x64.ActiveCfg = Release|Any CPU
		{AC896BE1-7E37-4059-8520-7C23A73A3EFB}.Release|x64.Build.0 = Release|Any CPU
		{AC896BE1-7E37-4059-8520-7C23A73A3EFB}.Release|x86.ActiveCfg = Release|Any CPU
		{AC896BE1-7E37-4059-8520-7C23A73A3EFB}.Release|x86.Build.0 = Release|Any CPU
		{5979F55A-83D5-4FA6-8C7C-A5C265BBBBE9}.Debug|Any CPU.ActiveCfg = Debug|Any CPU
		{5979F55A-83D5-4FA6-8C7C-A5C265BBBBE9}.Debug|Any CPU.Build.0 = Debug|Any CPU
		{5979F55A-83D5-4FA6-8C7C-A5C265BBBBE9}.Debug|x64.ActiveCfg = Debug|Any CPU
		{5979F55A-83D5-4FA6-8C7C-A5C265BBBBE9}.Debug|x64.Build.0 = Debug|Any CPU
		{5979F55A-83D5-4FA6-8C7C-A5C265BBBBE9}.Debug|x86.ActiveCfg = Debug|Any CPU
		{5979F55A-83D5-4FA6-8C7C-A5C265BBBBE9}.Debug|x86.Build.0 = Debug|Any CPU
		{5979F55A-83D5-4FA6-8C7C-A5C265BBBBE9}.Release|Any CPU.ActiveCfg = Release|Any CPU
		{5979F55A-83D5-4FA6-8C7C-A5C265BBBBE9}.Release|Any CPU.Build.0 = Release|Any CPU
		{5979F55A-83D5-4FA6-8C7C-A5C265BBBBE9}.Release|x64.ActiveCfg = Release|Any CPU
		{5979F55A-83D5-4FA6-8C7C-A5C265BBBBE9}.Release|x64.Build.0 = Release|Any CPU
		{5979F55A-83D5-4FA6-8C7C-A5C265BBBBE9}.Release|x86.ActiveCfg = Release|Any CPU
		{5979F55A-83D5-4FA6-8C7C-A5C265BBBBE9}.Release|x86.Build.0 = Release|Any CPU
	EndGlobalSection
	GlobalSection(SolutionProperties) = preSolution
		HideSolutionNode = FALSE
	EndGlobalSection
	GlobalSection(NestedProjects) = preSolution
		{8748FBC2-D416-402A-9328-804D850AEFEE} = {15AC161A-E093-4A37-9AC7-382DBFF5CD05}
		{0160FF01-AE39-48E5-AE28-B044E3B660F4} = {04EEF038-7CB1-4F92-BB19-20BB6974D73B}
		{3738EFD6-0298-4EC7-B57F-9323925DCA07} = {04EEF038-7CB1-4F92-BB19-20BB6974D73B}
		{69AA8B40-22B4-48F4-BCA7-2DD136FA750C} = {15AC161A-E093-4A37-9AC7-382DBFF5CD05}
		{0242FEAB-64EB-41CE-A163-6FF8EFB0010B} = {C887354E-2B1B-400E-83D8-1FBDE4E687EE}
		{0ED1403F-2183-43FA-9429-FE4B589C3F10} = {15AC161A-E093-4A37-9AC7-382DBFF5CD05}
		{138AD959-8C74-4318-8625-A607B21F690F} = {4EFD906F-B094-472F-BEE5-1E112F4C9C5E}
		{2AAB1CF9-D92B-48EC-90D3-981CD9B6139C} = {4EFD906F-B094-472F-BEE5-1E112F4C9C5E}
		{933EBD8A-9C80-41A6-8A35-E3EF408DC8DA} = {AD8A9D64-D0C7-48FD-AD53-BE687C81471A}
		{90251374-F247-4E39-A5B4-C43BE5CBCDE1} = {AD8A9D64-D0C7-48FD-AD53-BE687C81471A}
		{6D15E634-8229-4ED8-898D-02D1F85A76C5} = {4EFD906F-B094-472F-BEE5-1E112F4C9C5E}
		{B831B6B4-A262-40B8-9098-CC93523596CC} = {4EFD906F-B094-472F-BEE5-1E112F4C9C5E}
		{201E5537-E9BD-456C-9A72-7A19E305FCE8} = {4EFD906F-B094-472F-BEE5-1E112F4C9C5E}
		{4EFD906F-B094-472F-BEE5-1E112F4C9C5E} = {04EEF038-7CB1-4F92-BB19-20BB6974D73B}
		{E7105224-140E-41F5-9ECC-77DFD3CA3735} = {4EFD906F-B094-472F-BEE5-1E112F4C9C5E}
		{88DBD202-170C-4043-BB86-18AC61DA238C} = {4EFD906F-B094-472F-BEE5-1E112F4C9C5E}
		{362675F0-A8B1-4BB4-99C3-2629F9464B8D} = {4EFD906F-B094-472F-BEE5-1E112F4C9C5E}
		{AD8A9D64-D0C7-48FD-AD53-BE687C81471A} = {04EEF038-7CB1-4F92-BB19-20BB6974D73B}
		{C887354E-2B1B-400E-83D8-1FBDE4E687EE} = {04EEF038-7CB1-4F92-BB19-20BB6974D73B}
		{8658F0D2-D2C5-4BBB-9DC5-88CC4E99B7F3} = {15AC161A-E093-4A37-9AC7-382DBFF5CD05}
		{B6A116CC-7588-48AF-A31A-AB74972572A1} = {C887354E-2B1B-400E-83D8-1FBDE4E687EE}
		{C972A920-3495-49A1-96E8-EDCF81B3DEBC} = {4EFD906F-B094-472F-BEE5-1E112F4C9C5E}
		{451952F9-0BD2-4271-9B3C-0E32EA9EB6A7} = {4EFD906F-B094-472F-BEE5-1E112F4C9C5E}
		{C08B3F40-802B-4989-97B7-0A7FB6AD8BE3} = {04EEF038-7CB1-4F92-BB19-20BB6974D73B}
		{65E55F29-9340-4730-AAA8-C3D8F3066A89} = {15AC161A-E093-4A37-9AC7-382DBFF5CD05}
		{EFB58B90-94ED-4A6B-B510-8188A266F2B2} = {15AC161A-E093-4A37-9AC7-382DBFF5CD05}
		{844E3C49-70A9-423B-B7D2-29DA91C2E6C9} = {04EEF038-7CB1-4F92-BB19-20BB6974D73B}
		{2886B4B4-0A4B-443F-ADC7-8E4B84E74D25} = {04EEF038-7CB1-4F92-BB19-20BB6974D73B}
		{F474D14D-B2B5-44B0-9D2B-9575246161E5} = {2886B4B4-0A4B-443F-ADC7-8E4B84E74D25}
		{3EE52290-FBA3-49EB-BF75-110F0B927324} = {2886B4B4-0A4B-443F-ADC7-8E4B84E74D25}
		{2888FFEA-4397-4927-9C70-C79985856F72} = {844E3C49-70A9-423B-B7D2-29DA91C2E6C9}
		{2C250286-9D5A-4E51-BD8B-1C003190E74E} = {844E3C49-70A9-423B-B7D2-29DA91C2E6C9}
		{AC896BE1-7E37-4059-8520-7C23A73A3EFB} = {15AC161A-E093-4A37-9AC7-382DBFF5CD05}
		{5979F55A-83D5-4FA6-8C7C-A5C265BBBBE9} = {15AC161A-E093-4A37-9AC7-382DBFF5CD05}
	EndGlobalSection
	GlobalSection(ExtensibilityGlobals) = postSolution
		SolutionGuid = {5A16AA37-74C1-4577-86D0-B4EE73EF33D4}
	EndGlobalSection
EndGlobal
